
Microsoft Visual Studio Solution File, Format Version 12.00
# Visual Studio 2012
Project("{FAE04EC0-301F-11D3-BF4B-00C04F79EFBC}") = "WcfMyChat", "MyChat\WcfMyChat.csproj", "{AD63AB1B-EEA8-4BC8-BD17-12EEB168F60D}"
EndProject
Project("{FAE04EC0-301F-11D3-BF4B-00C04F79EFBC}") = "WcfChatService", "WcfChatService\WcfChatService.csproj", "{CF06EE9F-4204-4F24-AEB4-FD73AC04B820}"
EndProject
Global
	GlobalSection(SolutionConfigurationPlatforms) = preSolution
		Debug|Any CPU = Debug|Any CPU
		Release|Any CPU = Release|Any CPU
	EndGlobalSection
	GlobalSection(ProjectConfigurationPlatforms) = postSolution
		{AD63AB1B-EEA8-4BC8-BD17-12EEB168F60D}.Debug|Any CPU.ActiveCfg = Debug|Any CPU
		{AD63AB1B-EEA8-4BC8-BD17-12EEB168F60D}.Debug|Any CPU.Build.0 = Debug|Any CPU
		{AD63AB1B-EEA8-4BC8-BD17-12EEB168F60D}.Release|Any CPU.ActiveCfg = Release|Any CPU
		{AD63AB1B-EEA8-4BC8-BD17-12EEB168F60D}.Release|Any CPU.Build.0 = Release|Any CPU
		{CF06EE9F-4204-4F24-AEB4-FD73AC04B820}.Debug|Any CPU.ActiveCfg = Debug|Any CPU
		{CF06EE9F-4204-4F24-AEB4-FD73AC04B820}.Debug|Any CPU.Build.0 = Debug|Any CPU
		{CF06EE9F-4204-4F24-AEB4-FD73AC04B820}.Release|Any CPU.ActiveCfg = Release|Any CPU
		{CF06EE9F-4204-4F24-AEB4-FD73AC04B820}.Release|Any CPU.Build.0 = Release|Any CPU
	EndGlobalSection
	GlobalSection(SolutionProperties) = preSolution
		HideSolutionNode = FALSE
	EndGlobalSection
EndGlobal
